
Microsoft Visual Studio Solution File, Format Version 12.00
# Visual Studio Version 16
VisualStudioVersion = 16.0.29411.138
MinimumVisualStudioVersion = 10.0.40219.1
Project("{9A19103F-16F7-4668-BE54-9A1E7A4F7556}") = "TrisvagoHotels", "TrisvagoHotels\TrisvagoHotels.csproj", "{CC5E4227-262C-4953-86D2-6348CD7ED156}"
EndProject
Global
	GlobalSection(SolutionConfigurationPlatforms) = preSolution
		Debug|Any CPU = Debug|Any CPU
		Release|Any CPU = Release|Any CPU
	EndGlobalSection
	GlobalSection(ProjectConfigurationPlatforms) = postSolution
		{CC5E4227-262C-4953-86D2-6348CD7ED156}.Debug|Any CPU.ActiveCfg = Debug|Any CPU
		{CC5E4227-262C-4953-86D2-6348CD7ED156}.Debug|Any CPU.Build.0 = Debug|Any CPU
		{CC5E4227-262C-4953-86D2-6348CD7ED156}.Release|Any CPU.ActiveCfg = Release|Any CPU
		{CC5E4227-262C-4953-86D2-6348CD7ED156}.Release|Any CPU.Build.0 = Release|Any CPU
	EndGlobalSection
	GlobalSection(SolutionProperties) = preSolution
		HideSolutionNode = FALSE
	EndGlobalSection
	GlobalSection(ExtensibilityGlobals) = postSolution
		SolutionGuid = {A552802C-7DC3-4931-9E0E-1BC5E41223AE}
	EndGlobalSection
EndGlobal
