
Microsoft Visual Studio Solution File, Format Version 12.00
# Visual Studio Version 16
VisualStudioVersion = 16.0.29411.138
MinimumVisualStudioVersion = 10.0.40219.1
Project("{2150E333-8FDC-42A3-9474-1A3956D46DE8}") = "src", "src", "{A75179B3-CEA5-42A4-AF35-151EC2BBA024}"
EndProject
Project("{2150E333-8FDC-42A3-9474-1A3956D46DE8}") = "build", "build", "{20C1B874-EABA-4863-9758-C94CF2C92DFA}"
	ProjectSection(SolutionItems) = preProject
		build\dependencies.props = build\dependencies.props
	EndProjectSection
EndProject
Project("{2150E333-8FDC-42A3-9474-1A3956D46DE8}") = "Solution Items", "Solution Items", "{6E1121EA-10BD-403E-A641-00491C113ED9}"
	ProjectSection(SolutionItems) = preProject
		Directory.Build.props = Directory.Build.props
		global.json = global.json
		tests\Directory.Build.props = tests\Directory.Build.props
	EndProjectSection
EndProject
Project("{FAE04EC0-301F-11D3-BF4B-00C04F79EFBC}") = "TrisvagoHotels.Host", "src\TrisvagoHotels.Host\TrisvagoHotels.Host.csproj", "{CC5E4227-262C-4953-86D2-6348CD7ED156}"
EndProject
Project("{2150E333-8FDC-42A3-9474-1A3956D46DE8}") = "tests", "tests", "{055D7ECA-9D30-47E8-94C5-45E5344C7B03}"
EndProject
Project("{FAE04EC0-301F-11D3-BF4B-00C04F79EFBC}") = "TrisvagoHotels.Api", "src\TrisvagoHotels.Api\TrisvagoHotels.Api.csproj", "{62CA1202-FB78-44BF-BD3A-841F0F6CF5D4}"
EndProject
Project("{FAE04EC0-301F-11D3-BF4B-00C04F79EFBC}") = "TrisvagoHotels.DataContext", "src\TrisvagoHotels.DataContext\TrisvagoHotels.DataContext.csproj", "{E22AB162-A594-4363-AD88-6E9A36ACB425}"
EndProject
Project("{FAE04EC0-301F-11D3-BF4B-00C04F79EFBC}") = "TrisvagoHotels.DataContracts", "src\TrisvagoHotels.DataContracts\TrisvagoHotels.DataContracts.csproj", "{CA470CC3-3E27-4920-A093-F23FEB0E8D92}"
EndProject
Project("{FAE04EC0-301F-11D3-BF4B-00C04F79EFBC}") = "TrisvagoHotels.Providers", "src\TrisvagoHotels.Providers\TrisvagoHotels.Providers.csproj", "{F3F34132-E342-4462-B2FF-E15B4DA7D606}"
EndProject
Project("{FAE04EC0-301F-11D3-BF4B-00C04F79EFBC}") = "TrisvagoHotels.Repositories", "src\TrisvagoHotels.Repositories\TrisvagoHotels.Repositories.csproj", "{9D3BD2E3-F704-4802-9C51-5E8BC6696C7E}"
EndProject
Project("{FAE04EC0-301F-11D3-BF4B-00C04F79EFBC}") = "TrisvagoHotels.Uow", "src\TrisvagoHotels.Uow\TrisvagoHotels.Uow.csproj", "{DA7F8CD5-2D02-4455-8F4F-EED0D341E793}"
EndProject
Project("{FAE04EC0-301F-11D3-BF4B-00C04F79EFBC}") = "TrisvagoHotels.Model", "src\TrisvagoHotels.Model\TrisvagoHotels.Model.csproj", "{15B04C7E-B2D4-4328-B835-A29AD908C434}"
EndProject
Project("{FAE04EC0-301F-11D3-BF4B-00C04F79EFBC}") = "TrisvagoHotels.Mappings", "src\TrisvagoHotels.Mappings\TrisvagoHotels.Mappings.csproj", "{CB0E979A-E6D7-45F4-B4B2-6BF3DF566E64}"
EndProject
Project("{FAE04EC0-301F-11D3-BF4B-00C04F79EFBC}") = "TrisvagoHotels.Services", "src\TrisvagoHotels.Services\TrisvagoHotels.Services.csproj", "{0808CF04-A358-4B43-8A32-44F4305F7CE0}"
EndProject
Project("{FAE04EC0-301F-11D3-BF4B-00C04F79EFBC}") = "TrisvagoHotels.FunctionalTests", "tests\TrisvagoHotels.FunctionalTests\TrisvagoHotels.FunctionalTests.csproj", "{BAE171C3-B34C-4C8F-973F-296E5FDE6232}"
EndProject
Global
	GlobalSection(SolutionConfigurationPlatforms) = preSolution
		Debug|Any CPU = Debug|Any CPU
		Release|Any CPU = Release|Any CPU
	EndGlobalSection
	GlobalSection(ProjectConfigurationPlatforms) = postSolution
		{CC5E4227-262C-4953-86D2-6348CD7ED156}.Debug|Any CPU.ActiveCfg = Debug|Any CPU
		{CC5E4227-262C-4953-86D2-6348CD7ED156}.Debug|Any CPU.Build.0 = Debug|Any CPU
		{CC5E4227-262C-4953-86D2-6348CD7ED156}.Release|Any CPU.ActiveCfg = Release|Any CPU
		{CC5E4227-262C-4953-86D2-6348CD7ED156}.Release|Any CPU.Build.0 = Release|Any CPU
		{62CA1202-FB78-44BF-BD3A-841F0F6CF5D4}.Debug|Any CPU.ActiveCfg = Debug|Any CPU
		{62CA1202-FB78-44BF-BD3A-841F0F6CF5D4}.Debug|Any CPU.Build.0 = Debug|Any CPU
		{62CA1202-FB78-44BF-BD3A-841F0F6CF5D4}.Release|Any CPU.ActiveCfg = Release|Any CPU
		{62CA1202-FB78-44BF-BD3A-841F0F6CF5D4}.Release|Any CPU.Build.0 = Release|Any CPU
		{E22AB162-A594-4363-AD88-6E9A36ACB425}.Debug|Any CPU.ActiveCfg = Debug|Any CPU
		{E22AB162-A594-4363-AD88-6E9A36ACB425}.Debug|Any CPU.Build.0 = Debug|Any CPU
		{E22AB162-A594-4363-AD88-6E9A36ACB425}.Release|Any CPU.ActiveCfg = Release|Any CPU
		{E22AB162-A594-4363-AD88-6E9A36ACB425}.Release|Any CPU.Build.0 = Release|Any CPU
		{CA470CC3-3E27-4920-A093-F23FEB0E8D92}.Debug|Any CPU.ActiveCfg = Debug|Any CPU
		{CA470CC3-3E27-4920-A093-F23FEB0E8D92}.Debug|Any CPU.Build.0 = Debug|Any CPU
		{CA470CC3-3E27-4920-A093-F23FEB0E8D92}.Release|Any CPU.ActiveCfg = Release|Any CPU
		{CA470CC3-3E27-4920-A093-F23FEB0E8D92}.Release|Any CPU.Build.0 = Release|Any CPU
		{F3F34132-E342-4462-B2FF-E15B4DA7D606}.Debug|Any CPU.ActiveCfg = Debug|Any CPU
		{F3F34132-E342-4462-B2FF-E15B4DA7D606}.Debug|Any CPU.Build.0 = Debug|Any CPU
		{F3F34132-E342-4462-B2FF-E15B4DA7D606}.Release|Any CPU.ActiveCfg = Release|Any CPU
		{F3F34132-E342-4462-B2FF-E15B4DA7D606}.Release|Any CPU.Build.0 = Release|Any CPU
		{9D3BD2E3-F704-4802-9C51-5E8BC6696C7E}.Debug|Any CPU.ActiveCfg = Debug|Any CPU
		{9D3BD2E3-F704-4802-9C51-5E8BC6696C7E}.Debug|Any CPU.Build.0 = Debug|Any CPU
		{9D3BD2E3-F704-4802-9C51-5E8BC6696C7E}.Release|Any CPU.ActiveCfg = Release|Any CPU
		{9D3BD2E3-F704-4802-9C51-5E8BC6696C7E}.Release|Any CPU.Build.0 = Release|Any CPU
		{DA7F8CD5-2D02-4455-8F4F-EED0D341E793}.Debug|Any CPU.ActiveCfg = Debug|Any CPU
		{DA7F8CD5-2D02-4455-8F4F-EED0D341E793}.Debug|Any CPU.Build.0 = Debug|Any CPU
		{DA7F8CD5-2D02-4455-8F4F-EED0D341E793}.Release|Any CPU.ActiveCfg = Release|Any CPU
		{DA7F8CD5-2D02-4455-8F4F-EED0D341E793}.Release|Any CPU.Build.0 = Release|Any CPU
		{15B04C7E-B2D4-4328-B835-A29AD908C434}.Debug|Any CPU.ActiveCfg = Debug|Any CPU
		{15B04C7E-B2D4-4328-B835-A29AD908C434}.Debug|Any CPU.Build.0 = Debug|Any CPU
		{15B04C7E-B2D4-4328-B835-A29AD908C434}.Release|Any CPU.ActiveCfg = Release|Any CPU
		{15B04C7E-B2D4-4328-B835-A29AD908C434}.Release|Any CPU.Build.0 = Release|Any CPU
		{CB0E979A-E6D7-45F4-B4B2-6BF3DF566E64}.Debug|Any CPU.ActiveCfg = Debug|Any CPU
		{CB0E979A-E6D7-45F4-B4B2-6BF3DF566E64}.Debug|Any CPU.Build.0 = Debug|Any CPU
		{CB0E979A-E6D7-45F4-B4B2-6BF3DF566E64}.Release|Any CPU.ActiveCfg = Release|Any CPU
		{CB0E979A-E6D7-45F4-B4B2-6BF3DF566E64}.Release|Any CPU.Build.0 = Release|Any CPU
		{0808CF04-A358-4B43-8A32-44F4305F7CE0}.Debug|Any CPU.ActiveCfg = Debug|Any CPU
		{0808CF04-A358-4B43-8A32-44F4305F7CE0}.Debug|Any CPU.Build.0 = Debug|Any CPU
		{0808CF04-A358-4B43-8A32-44F4305F7CE0}.Release|Any CPU.ActiveCfg = Release|Any CPU
		{0808CF04-A358-4B43-8A32-44F4305F7CE0}.Release|Any CPU.Build.0 = Release|Any CPU
		{BAE171C3-B34C-4C8F-973F-296E5FDE6232}.Debug|Any CPU.ActiveCfg = Debug|Any CPU
		{BAE171C3-B34C-4C8F-973F-296E5FDE6232}.Debug|Any CPU.Build.0 = Debug|Any CPU
		{BAE171C3-B34C-4C8F-973F-296E5FDE6232}.Release|Any CPU.ActiveCfg = Release|Any CPU
		{BAE171C3-B34C-4C8F-973F-296E5FDE6232}.Release|Any CPU.Build.0 = Release|Any CPU
	EndGlobalSection
	GlobalSection(SolutionProperties) = preSolution
		HideSolutionNode = FALSE
	EndGlobalSection
	GlobalSection(NestedProjects) = preSolution
		{CC5E4227-262C-4953-86D2-6348CD7ED156} = {A75179B3-CEA5-42A4-AF35-151EC2BBA024}
		{62CA1202-FB78-44BF-BD3A-841F0F6CF5D4} = {A75179B3-CEA5-42A4-AF35-151EC2BBA024}
		{E22AB162-A594-4363-AD88-6E9A36ACB425} = {A75179B3-CEA5-42A4-AF35-151EC2BBA024}
		{CA470CC3-3E27-4920-A093-F23FEB0E8D92} = {A75179B3-CEA5-42A4-AF35-151EC2BBA024}
		{F3F34132-E342-4462-B2FF-E15B4DA7D606} = {A75179B3-CEA5-42A4-AF35-151EC2BBA024}
		{9D3BD2E3-F704-4802-9C51-5E8BC6696C7E} = {A75179B3-CEA5-42A4-AF35-151EC2BBA024}
		{DA7F8CD5-2D02-4455-8F4F-EED0D341E793} = {A75179B3-CEA5-42A4-AF35-151EC2BBA024}
		{15B04C7E-B2D4-4328-B835-A29AD908C434} = {A75179B3-CEA5-42A4-AF35-151EC2BBA024}
		{CB0E979A-E6D7-45F4-B4B2-6BF3DF566E64} = {A75179B3-CEA5-42A4-AF35-151EC2BBA024}
		{0808CF04-A358-4B43-8A32-44F4305F7CE0} = {A75179B3-CEA5-42A4-AF35-151EC2BBA024}
		{BAE171C3-B34C-4C8F-973F-296E5FDE6232} = {055D7ECA-9D30-47E8-94C5-45E5344C7B03}
	EndGlobalSection
	GlobalSection(ExtensibilityGlobals) = postSolution
		SolutionGuid = {A552802C-7DC3-4931-9E0E-1BC5E41223AE}
	EndGlobalSection
EndGlobal
