
Microsoft Visual Studio Solution File, Format Version 12.00
# Visual Studio Version 16
VisualStudioVersion = 16.0.29411.138
MinimumVisualStudioVersion = 10.0.40219.1
Project("{2150E333-8FDC-42A3-9474-1A3956D46DE8}") = "src", "src", "{A75179B3-CEA5-42A4-AF35-151EC2BBA024}"
EndProject
Project("{2150E333-8FDC-42A3-9474-1A3956D46DE8}") = "build", "build", "{20C1B874-EABA-4863-9758-C94CF2C92DFA}"
	ProjectSection(SolutionItems) = preProject
		build\dependencies.props = build\dependencies.props
	EndProjectSection
EndProject
Project("{2150E333-8FDC-42A3-9474-1A3956D46DE8}") = "Solution Items", "Solution Items", "{6E1121EA-10BD-403E-A641-00491C113ED9}"
	ProjectSection(SolutionItems) = preProject
		Directory.Build.props = Directory.Build.props
		global.json = global.json
	EndProjectSection
EndProject
Project("{9A19103F-16F7-4668-BE54-9A1E7A4F7556}") = "TrisvagoHotels.Host", "src\TrisvagoHotels.Host\TrisvagoHotels.Host.csproj", "{CC5E4227-262C-4953-86D2-6348CD7ED156}"
EndProject
Project("{2150E333-8FDC-42A3-9474-1A3956D46DE8}") = "tests", "tests", "{055D7ECA-9D30-47E8-94C5-45E5344C7B03}"
EndProject
Global
	GlobalSection(SolutionConfigurationPlatforms) = preSolution
		Debug|Any CPU = Debug|Any CPU
		Release|Any CPU = Release|Any CPU
	EndGlobalSection
	GlobalSection(ProjectConfigurationPlatforms) = postSolution
		{CC5E4227-262C-4953-86D2-6348CD7ED156}.Debug|Any CPU.ActiveCfg = Debug|Any CPU
		{CC5E4227-262C-4953-86D2-6348CD7ED156}.Debug|Any CPU.Build.0 = Debug|Any CPU
		{CC5E4227-262C-4953-86D2-6348CD7ED156}.Release|Any CPU.ActiveCfg = Release|Any CPU
		{CC5E4227-262C-4953-86D2-6348CD7ED156}.Release|Any CPU.Build.0 = Release|Any CPU
	EndGlobalSection
	GlobalSection(SolutionProperties) = preSolution
		HideSolutionNode = FALSE
	EndGlobalSection
	GlobalSection(NestedProjects) = preSolution
		{CC5E4227-262C-4953-86D2-6348CD7ED156} = {A75179B3-CEA5-42A4-AF35-151EC2BBA024}
	EndGlobalSection
	GlobalSection(ExtensibilityGlobals) = postSolution
		SolutionGuid = {A552802C-7DC3-4931-9E0E-1BC5E41223AE}
	EndGlobalSection
EndGlobal
